// !$*UTF8*$!
{
	archiveVersion = 1;
	classes = {
	};
	objectVersion = 46;
	objects = {

/* Begin PBXBuildFile section */
		8415551B1EBC3E4000C83163 /* FireDatabase.swift in Sources */ = {isa = PBXBuildFile; fileRef = 8415551A1EBC3E4000C83163 /* FireDatabase.swift */; };
		84B78B831EBA73F600E4AF22 /* AppDelegate.swift in Sources */ = {isa = PBXBuildFile; fileRef = 84B78B821EBA73F600E4AF22 /* AppDelegate.swift */; };
		84B78B851EBA73F600E4AF22 /* ViewController.swift in Sources */ = {isa = PBXBuildFile; fileRef = 84B78B841EBA73F600E4AF22 /* ViewController.swift */; };
		84B78B881EBA73F600E4AF22 /* Main.storyboard in Resources */ = {isa = PBXBuildFile; fileRef = 84B78B861EBA73F600E4AF22 /* Main.storyboard */; };
		84B78B8B1EBA73F600E4AF22 /* ProfileTest.xcdatamodeld in Sources */ = {isa = PBXBuildFile; fileRef = 84B78B891EBA73F600E4AF22 /* ProfileTest.xcdatamodeld */; };
		84B78B8D1EBA73F600E4AF22 /* Assets.xcassets in Resources */ = {isa = PBXBuildFile; fileRef = 84B78B8C1EBA73F600E4AF22 /* Assets.xcassets */; };
		84B78B901EBA73F600E4AF22 /* LaunchScreen.storyboard in Resources */ = {isa = PBXBuildFile; fileRef = 84B78B8E1EBA73F600E4AF22 /* LaunchScreen.storyboard */; };
		84B78B981EBA8BD200E4AF22 /* ProfileRecord.swift in Sources */ = {isa = PBXBuildFile; fileRef = 84B78B971EBA8BD200E4AF22 /* ProfileRecord.swift */; };
		84B78B9A1EBAAAE900E4AF22 /* CustomTableViewCell.swift in Sources */ = {isa = PBXBuildFile; fileRef = 84B78B991EBAAAE900E4AF22 /* CustomTableViewCell.swift */; };
		84B78BA01EBB8B4100E4AF22 /* OverlayView.storyboard in Resources */ = {isa = PBXBuildFile; fileRef = 84B78B9F1EBB8B4100E4AF22 /* OverlayView.storyboard */; };
		84B78BA21EBB8C0200E4AF22 /* OverlayViewController.swift in Sources */ = {isa = PBXBuildFile; fileRef = 84B78BA11EBB8C0200E4AF22 /* OverlayViewController.swift */; };
		84B78BA61EBBDD6F00E4AF22 /* ProfileView.storyboard in Resources */ = {isa = PBXBuildFile; fileRef = 84B78BA51EBBDD6F00E4AF22 /* ProfileView.storyboard */; };
		84B78BA81EBBDE4900E4AF22 /* ProfileViewController.swift in Sources */ = {isa = PBXBuildFile; fileRef = 84B78BA71EBBDE4900E4AF22 /* ProfileViewController.swift */; };
		84B78BAA1EBC33AE00E4AF22 /* GoogleService-Info.plist in Resources */ = {isa = PBXBuildFile; fileRef = 84B78BA91EBC33AE00E4AF22 /* GoogleService-Info.plist */; };
		A7ED543E7067BF0F396A38F1 /* Pods_ProfileTest.framework in Frameworks */ = {isa = PBXBuildFile; fileRef = 4E2725BF7227394AD1BA5DB4 /* Pods_ProfileTest.framework */; };
/* End PBXBuildFile section */

/* Begin PBXFileReference section */
		4E2725BF7227394AD1BA5DB4 /* Pods_ProfileTest.framework */ = {isa = PBXFileReference; explicitFileType = wrapper.framework; includeInIndex = 0; path = Pods_ProfileTest.framework; sourceTree = BUILT_PRODUCTS_DIR; };
		8415551A1EBC3E4000C83163 /* FireDatabase.swift */ = {isa = PBXFileReference; fileEncoding = 4; lastKnownFileType = sourcecode.swift; path = FireDatabase.swift; sourceTree = "<group>"; };
		84B78B7F1EBA73F600E4AF22 /* ProfileTest.app */ = {isa = PBXFileReference; explicitFileType = wrapper.application; includeInIndex = 0; path = ProfileTest.app; sourceTree = BUILT_PRODUCTS_DIR; };
		84B78B821EBA73F600E4AF22 /* AppDelegate.swift */ = {isa = PBXFileReference; lastKnownFileType = sourcecode.swift; path = AppDelegate.swift; sourceTree = "<group>"; };
		84B78B841EBA73F600E4AF22 /* ViewController.swift */ = {isa = PBXFileReference; lastKnownFileType = sourcecode.swift; path = ViewController.swift; sourceTree = "<group>"; };
		84B78B871EBA73F600E4AF22 /* Base */ = {isa = PBXFileReference; lastKnownFileType = file.storyboard; name = Base; path = Base.lproj/Main.storyboard; sourceTree = "<group>"; };
		84B78B8A1EBA73F600E4AF22 /* ProfileTest.xcdatamodel */ = {isa = PBXFileReference; lastKnownFileType = wrapper.xcdatamodel; path = ProfileTest.xcdatamodel; sourceTree = "<group>"; };
		84B78B8C1EBA73F600E4AF22 /* Assets.xcassets */ = {isa = PBXFileReference; lastKnownFileType = folder.assetcatalog; path = Assets.xcassets; sourceTree = "<group>"; };
		84B78B8F1EBA73F600E4AF22 /* Base */ = {isa = PBXFileReference; lastKnownFileType = file.storyboard; name = Base; path = Base.lproj/LaunchScreen.storyboard; sourceTree = "<group>"; };
		84B78B911EBA73F600E4AF22 /* Info.plist */ = {isa = PBXFileReference; lastKnownFileType = text.plist.xml; path = Info.plist; sourceTree = "<group>"; };
		84B78B971EBA8BD200E4AF22 /* ProfileRecord.swift */ = {isa = PBXFileReference; fileEncoding = 4; lastKnownFileType = sourcecode.swift; path = ProfileRecord.swift; sourceTree = "<group>"; };
		84B78B991EBAAAE900E4AF22 /* CustomTableViewCell.swift */ = {isa = PBXFileReference; fileEncoding = 4; lastKnownFileType = sourcecode.swift; path = CustomTableViewCell.swift; sourceTree = "<group>"; };
		84B78B9F1EBB8B4100E4AF22 /* OverlayView.storyboard */ = {isa = PBXFileReference; fileEncoding = 4; lastKnownFileType = file.storyboard; path = OverlayView.storyboard; sourceTree = "<group>"; };
		84B78BA11EBB8C0200E4AF22 /* OverlayViewController.swift */ = {isa = PBXFileReference; fileEncoding = 4; lastKnownFileType = sourcecode.swift; path = OverlayViewController.swift; sourceTree = "<group>"; };
		84B78BA51EBBDD6F00E4AF22 /* ProfileView.storyboard */ = {isa = PBXFileReference; fileEncoding = 4; lastKnownFileType = file.storyboard; path = ProfileView.storyboard; sourceTree = "<group>"; };
		84B78BA71EBBDE4900E4AF22 /* ProfileViewController.swift */ = {isa = PBXFileReference; fileEncoding = 4; lastKnownFileType = sourcecode.swift; path = ProfileViewController.swift; sourceTree = "<group>"; };
		84B78BA91EBC33AE00E4AF22 /* GoogleService-Info.plist */ = {isa = PBXFileReference; fileEncoding = 4; lastKnownFileType = text.plist.xml; path = "GoogleService-Info.plist"; sourceTree = "<group>"; };
		F0C68A5B41069A58478A9F05 /* Pods-ProfileTest.release.xcconfig */ = {isa = PBXFileReference; includeInIndex = 1; lastKnownFileType = text.xcconfig; name = "Pods-ProfileTest.release.xcconfig"; path = "Pods/Target Support Files/Pods-ProfileTest/Pods-ProfileTest.release.xcconfig"; sourceTree = "<group>"; };
		FDAB9C54C2A39F05098660A7 /* Pods-ProfileTest.debug.xcconfig */ = {isa = PBXFileReference; includeInIndex = 1; lastKnownFileType = text.xcconfig; name = "Pods-ProfileTest.debug.xcconfig"; path = "Pods/Target Support Files/Pods-ProfileTest/Pods-ProfileTest.debug.xcconfig"; sourceTree = "<group>"; };
/* End PBXFileReference section */

/* Begin PBXFrameworksBuildPhase section */
		84B78B7C1EBA73F600E4AF22 /* Frameworks */ = {
			isa = PBXFrameworksBuildPhase;
			buildActionMask = 2147483647;
			files = (
				A7ED543E7067BF0F396A38F1 /* Pods_ProfileTest.framework in Frameworks */,
			);
			runOnlyForDeploymentPostprocessing = 0;
		};
/* End PBXFrameworksBuildPhase section */

/* Begin PBXGroup section */
		7B5E8A162F736656ED8916A8 /* Pods */ = {
			isa = PBXGroup;
			children = (
				FDAB9C54C2A39F05098660A7 /* Pods-ProfileTest.debug.xcconfig */,
				F0C68A5B41069A58478A9F05 /* Pods-ProfileTest.release.xcconfig */,
			);
			name = Pods;
			sourceTree = "<group>";
		};
		84B78B761EBA73F600E4AF22 = {
			isa = PBXGroup;
			children = (
				84B78B811EBA73F600E4AF22 /* ProfileTest */,
				84B78B801EBA73F600E4AF22 /* Products */,
				7B5E8A162F736656ED8916A8 /* Pods */,
				98714EB2839390F2385D1F3E /* Frameworks */,
			);
			sourceTree = "<group>";
		};
		84B78B801EBA73F600E4AF22 /* Products */ = {
			isa = PBXGroup;
			children = (
				84B78B7F1EBA73F600E4AF22 /* ProfileTest.app */,
			);
			name = Products;
			sourceTree = "<group>";
		};
		84B78B811EBA73F600E4AF22 /* ProfileTest */ = {
			isa = PBXGroup;
			children = (
				84B78B821EBA73F600E4AF22 /* AppDelegate.swift */,
				8415551A1EBC3E4000C83163 /* FireDatabase.swift */,
				84B78B971EBA8BD200E4AF22 /* ProfileRecord.swift */,
				84B78B841EBA73F600E4AF22 /* ViewController.swift */,
				84B78B991EBAAAE900E4AF22 /* CustomTableViewCell.swift */,
				84B78B861EBA73F600E4AF22 /* Main.storyboard */,
				84B78BA11EBB8C0200E4AF22 /* OverlayViewController.swift */,
				84B78B9F1EBB8B4100E4AF22 /* OverlayView.storyboard */,
				84B78BA71EBBDE4900E4AF22 /* ProfileViewController.swift */,
				84B78BA51EBBDD6F00E4AF22 /* ProfileView.storyboard */,
				84B78B8C1EBA73F600E4AF22 /* Assets.xcassets */,
				84B78B8E1EBA73F600E4AF22 /* LaunchScreen.storyboard */,
				84B78B911EBA73F600E4AF22 /* Info.plist */,
				84B78B891EBA73F600E4AF22 /* ProfileTest.xcdatamodeld */,
				84B78BA91EBC33AE00E4AF22 /* GoogleService-Info.plist */,
			);
			path = ProfileTest;
			sourceTree = "<group>";
		};
		98714EB2839390F2385D1F3E /* Frameworks */ = {
			isa = PBXGroup;
			children = (
				4E2725BF7227394AD1BA5DB4 /* Pods_ProfileTest.framework */,
			);
			name = Frameworks;
			sourceTree = "<group>";
		};
/* End PBXGroup section */

/* Begin PBXNativeTarget section */
		84B78B7E1EBA73F600E4AF22 /* ProfileTest */ = {
			isa = PBXNativeTarget;
			buildConfigurationList = 84B78B941EBA73F600E4AF22 /* Build configuration list for PBXNativeTarget "ProfileTest" */;
			buildPhases = (
				0CB4A33A746E2705268239CC /* [CP] Check Pods Manifest.lock */,
				84B78B7B1EBA73F600E4AF22 /* Sources */,
				84B78B7C1EBA73F600E4AF22 /* Frameworks */,
				84B78B7D1EBA73F600E4AF22 /* Resources */,
				6A198206F010B3C3703F71C9 /* [CP] Embed Pods Frameworks */,
				C471C53FB30916F1B0E30E99 /* [CP] Copy Pods Resources */,
			);
			buildRules = (
			);
			dependencies = (
			);
			name = ProfileTest;
			productName = ProfileTest;
			productReference = 84B78B7F1EBA73F600E4AF22 /* ProfileTest.app */;
			productType = "com.apple.product-type.application";
		};
/* End PBXNativeTarget section */

/* Begin PBXProject section */
		84B78B771EBA73F600E4AF22 /* Project object */ = {
			isa = PBXProject;
			attributes = {
				LastSwiftUpdateCheck = 0820;
				LastUpgradeCheck = 0820;
				ORGANIZATIONNAME = Passport;
				TargetAttributes = {
					84B78B7E1EBA73F600E4AF22 = {
						CreatedOnToolsVersion = 8.2.1;
						ProvisioningStyle = Automatic;
					};
				};
			};
			buildConfigurationList = 84B78B7A1EBA73F600E4AF22 /* Build configuration list for PBXProject "ProfileTest" */;
			compatibilityVersion = "Xcode 3.2";
			developmentRegion = English;
			hasScannedForEncodings = 0;
			knownRegions = (
				en,
				Base,
			);
			mainGroup = 84B78B761EBA73F600E4AF22;
			productRefGroup = 84B78B801EBA73F600E4AF22 /* Products */;
			projectDirPath = "";
			projectRoot = "";
			targets = (
				84B78B7E1EBA73F600E4AF22 /* ProfileTest */,
			);
		};
/* End PBXProject section */

/* Begin PBXResourcesBuildPhase section */
		84B78B7D1EBA73F600E4AF22 /* Resources */ = {
			isa = PBXResourcesBuildPhase;
			buildActionMask = 2147483647;
			files = (
				84B78B901EBA73F600E4AF22 /* LaunchScreen.storyboard in Resources */,
				84B78BA01EBB8B4100E4AF22 /* OverlayView.storyboard in Resources */,
				84B78B8D1EBA73F600E4AF22 /* Assets.xcassets in Resources */,
				84B78B881EBA73F600E4AF22 /* Main.storyboard in Resources */,
				84B78BA61EBBDD6F00E4AF22 /* ProfileView.storyboard in Resources */,
				84B78BAA1EBC33AE00E4AF22 /* GoogleService-Info.plist in Resources */,
			);
			runOnlyForDeploymentPostprocessing = 0;
		};
/* End PBXResourcesBuildPhase section */

/* Begin PBXShellScriptBuildPhase section */
		0CB4A33A746E2705268239CC /* [CP] Check Pods Manifest.lock */ = {
			isa = PBXShellScriptBuildPhase;
			buildActionMask = 2147483647;
			files = (
			);
			inputPaths = (
			);
			name = "[CP] Check Pods Manifest.lock";
			outputPaths = (
			);
			runOnlyForDeploymentPostprocessing = 0;
			shellPath = /bin/sh;
			shellScript = "diff \"${PODS_PODFILE_DIR_PATH}/Podfile.lock\" \"${PODS_ROOT}/Manifest.lock\" > /dev/null\nif [ $? != 0 ] ; then\n    # print error to STDERR\n    echo \"error: The sandbox is not in sync with the Podfile.lock. Run 'pod install' or update your CocoaPods installation.\" >&2\n    exit 1\nfi\n";
			showEnvVarsInLog = 0;
		};
		6A198206F010B3C3703F71C9 /* [CP] Embed Pods Frameworks */ = {
			isa = PBXShellScriptBuildPhase;
			buildActionMask = 2147483647;
			files = (
			);
			inputPaths = (
			);
			name = "[CP] Embed Pods Frameworks";
			outputPaths = (
			);
			runOnlyForDeploymentPostprocessing = 0;
			shellPath = /bin/sh;
			shellScript = "\"${SRCROOT}/Pods/Target Support Files/Pods-ProfileTest/Pods-ProfileTest-frameworks.sh\"\n";
			showEnvVarsInLog = 0;
		};
		C471C53FB30916F1B0E30E99 /* [CP] Copy Pods Resources */ = {
			isa = PBXShellScriptBuildPhase;
			buildActionMask = 2147483647;
			files = (
			);
			inputPaths = (
			);
			name = "[CP] Copy Pods Resources";
			outputPaths = (
			);
			runOnlyForDeploymentPostprocessing = 0;
			shellPath = /bin/sh;
			shellScript = "\"${SRCROOT}/Pods/Target Support Files/Pods-ProfileTest/Pods-ProfileTest-resources.sh\"\n";
			showEnvVarsInLog = 0;
		};
/* End PBXShellScriptBuildPhase section */

/* Begin PBXSourcesBuildPhase section */
		84B78B7B1EBA73F600E4AF22 /* Sources */ = {
			isa = PBXSourcesBuildPhase;
			buildActionMask = 2147483647;
			files = (
				84B78B8B1EBA73F600E4AF22 /* ProfileTest.xcdatamodeld in Sources */,
				84B78B9A1EBAAAE900E4AF22 /* CustomTableViewCell.swift in Sources */,
				84B78B851EBA73F600E4AF22 /* ViewController.swift in Sources */,
				84B78BA21EBB8C0200E4AF22 /* OverlayViewController.swift in Sources */,
				84B78BA81EBBDE4900E4AF22 /* ProfileViewController.swift in Sources */,
				84B78B981EBA8BD200E4AF22 /* ProfileRecord.swift in Sources */,
				8415551B1EBC3E4000C83163 /* FireDatabase.swift in Sources */,
				84B78B831EBA73F600E4AF22 /* AppDelegate.swift in Sources */,
			);
			runOnlyForDeploymentPostprocessing = 0;
		};
/* End PBXSourcesBuildPhase section */

/* Begin PBXVariantGroup section */
		84B78B861EBA73F600E4AF22 /* Main.storyboard */ = {
			isa = PBXVariantGroup;
			children = (
				84B78B871EBA73F600E4AF22 /* Base */,
			);
			name = Main.storyboard;
			sourceTree = "<group>";
		};
		84B78B8E1EBA73F600E4AF22 /* LaunchScreen.storyboard */ = {
			isa = PBXVariantGroup;
			children = (
				84B78B8F1EBA73F600E4AF22 /* Base */,
			);
			name = LaunchScreen.storyboard;
			sourceTree = "<group>";
		};
/* End PBXVariantGroup section */

/* Begin XCBuildConfiguration section */
		84B78B921EBA73F600E4AF22 /* Debug */ = {
			isa = XCBuildConfiguration;
			buildSettings = {
				ALWAYS_SEARCH_USER_PATHS = NO;
				CLANG_ANALYZER_NONNULL = YES;
				CLANG_CXX_LANGUAGE_STANDARD = "gnu++0x";
				CLANG_CXX_LIBRARY = "libc++";
				CLANG_ENABLE_MODULES = YES;
				CLANG_ENABLE_OBJC_ARC = YES;
				CLANG_WARN_BOOL_CONVERSION = YES;
				CLANG_WARN_CONSTANT_CONVERSION = YES;
				CLANG_WARN_DIRECT_OBJC_ISA_USAGE = YES_ERROR;
				CLANG_WARN_DOCUMENTATION_COMMENTS = YES;
				CLANG_WARN_EMPTY_BODY = YES;
				CLANG_WARN_ENUM_CONVERSION = YES;
				CLANG_WARN_INFINITE_RECURSION = YES;
				CLANG_WARN_INT_CONVERSION = YES;
				CLANG_WARN_OBJC_ROOT_CLASS = YES_ERROR;
				CLANG_WARN_SUSPICIOUS_MOVE = YES;
				CLANG_WARN_UNREACHABLE_CODE = YES;
				CLANG_WARN__DUPLICATE_METHOD_MATCH = YES;
				"CODE_SIGN_IDENTITY[sdk=iphoneos*]" = "iPhone Developer";
				COPY_PHASE_STRIP = NO;
				DEBUG_INFORMATION_FORMAT = dwarf;
				ENABLE_STRICT_OBJC_MSGSEND = YES;
				ENABLE_TESTABILITY = YES;
				GCC_C_LANGUAGE_STANDARD = gnu99;
				GCC_DYNAMIC_NO_PIC = NO;
				GCC_NO_COMMON_BLOCKS = YES;
				GCC_OPTIMIZATION_LEVEL = 0;
				GCC_PREPROCESSOR_DEFINITIONS = (
					"DEBUG=1",
					"$(inherited)",
				);
				GCC_WARN_64_TO_32_BIT_CONVERSION = YES;
				GCC_WARN_ABOUT_RETURN_TYPE = YES_ERROR;
				GCC_WARN_UNDECLARED_SELECTOR = YES;
				GCC_WARN_UNINITIALIZED_AUTOS = YES_AGGRESSIVE;
				GCC_WARN_UNUSED_FUNCTION = YES;
				GCC_WARN_UNUSED_VARIABLE = YES;
				IPHONEOS_DEPLOYMENT_TARGET = 10.2;
				MTL_ENABLE_DEBUG_INFO = YES;
				ONLY_ACTIVE_ARCH = YES;
				SDKROOT = iphoneos;
				SWIFT_ACTIVE_COMPILATION_CONDITIONS = DEBUG;
				SWIFT_OPTIMIZATION_LEVEL = "-Onone";
				TARGETED_DEVICE_FAMILY = "1,2";
			};
			name = Debug;
		};
		84B78B931EBA73F600E4AF22 /* Release */ = {
			isa = XCBuildConfiguration;
			buildSettings = {
				ALWAYS_SEARCH_USER_PATHS = NO;
				CLANG_ANALYZER_NONNULL = YES;
				CLANG_CXX_LANGUAGE_STANDARD = "gnu++0x";
				CLANG_CXX_LIBRARY = "libc++";
				CLANG_ENABLE_MODULES = YES;
				CLANG_ENABLE_OBJC_ARC = YES;
				CLANG_WARN_BOOL_CONVERSION = YES;
				CLANG_WARN_CONSTANT_CONVERSION = YES;
				CLANG_WARN_DIRECT_OBJC_ISA_USAGE = YES_ERROR;
				CLANG_WARN_DOCUMENTATION_COMMENTS = YES;
				CLANG_WARN_EMPTY_BODY = YES;
				CLANG_WARN_ENUM_CONVERSION = YES;
				CLANG_WARN_INFINITE_RECURSION = YES;
				CLANG_WARN_INT_CONVERSION = YES;
				CLANG_WARN_OBJC_ROOT_CLASS = YES_ERROR;
				CLANG_WARN_SUSPICIOUS_MOVE = YES;
				CLANG_WARN_UNREACHABLE_CODE = YES;
				CLANG_WARN__DUPLICATE_METHOD_MATCH = YES;
				"CODE_SIGN_IDENTITY[sdk=iphoneos*]" = "iPhone Developer";
				COPY_PHASE_STRIP = NO;
				DEBUG_INFORMATION_FORMAT = "dwarf-with-dsym";
				ENABLE_NS_ASSERTIONS = NO;
				ENABLE_STRICT_OBJC_MSGSEND = YES;
				GCC_C_LANGUAGE_STANDARD = gnu99;
				GCC_NO_COMMON_BLOCKS = YES;
				GCC_WARN_64_TO_32_BIT_CONVERSION = YES;
				GCC_WARN_ABOUT_RETURN_TYPE = YES_ERROR;
				GCC_WARN_UNDECLARED_SELECTOR = YES;
				GCC_WARN_UNINITIALIZED_AUTOS = YES_AGGRESSIVE;
				GCC_WARN_UNUSED_FUNCTION = YES;
				GCC_WARN_UNUSED_VARIABLE = YES;
				IPHONEOS_DEPLOYMENT_TARGET = 10.2;
				MTL_ENABLE_DEBUG_INFO = NO;
				SDKROOT = iphoneos;
				SWIFT_OPTIMIZATION_LEVEL = "-Owholemodule";
				TARGETED_DEVICE_FAMILY = "1,2";
				VALIDATE_PRODUCT = YES;
			};
			name = Release;
		};
		84B78B951EBA73F600E4AF22 /* Debug */ = {
			isa = XCBuildConfiguration;
			baseConfigurationReference = FDAB9C54C2A39F05098660A7 /* Pods-ProfileTest.debug.xcconfig */;
			buildSettings = {
				ASSETCATALOG_COMPILER_APPICON_NAME = AppIcon;
				INFOPLIST_FILE = ProfileTest/Info.plist;
				LD_RUNPATH_SEARCH_PATHS = "$(inherited) @executable_path/Frameworks";
				PRODUCT_BUNDLE_IDENTIFIER = Passport.ProfileTest;
				PRODUCT_NAME = "$(TARGET_NAME)";
				SWIFT_VERSION = 3.0;
			};
			name = Debug;
		};
		84B78B961EBA73F600E4AF22 /* Release */ = {
			isa = XCBuildConfiguration;
			baseConfigurationReference = F0C68A5B41069A58478A9F05 /* Pods-ProfileTest.release.xcconfig */;
			buildSettings = {
				ASSETCATALOG_COMPILER_APPICON_NAME = AppIcon;
				INFOPLIST_FILE = ProfileTest/Info.plist;
				LD_RUNPATH_SEARCH_PATHS = "$(inherited) @executable_path/Frameworks";
				PRODUCT_BUNDLE_IDENTIFIER = Passport.ProfileTest;
				PRODUCT_NAME = "$(TARGET_NAME)";
				SWIFT_VERSION = 3.0;
			};
			name = Release;
		};
/* End XCBuildConfiguration section */

/* Begin XCConfigurationList section */
		84B78B7A1EBA73F600E4AF22 /* Build configuration list for PBXProject "ProfileTest" */ = {
			isa = XCConfigurationList;
			buildConfigurations = (
				84B78B921EBA73F600E4AF22 /* Debug */,
				84B78B931EBA73F600E4AF22 /* Release */,
			);
			defaultConfigurationIsVisible = 0;
			defaultConfigurationName = Release;
		};
		84B78B941EBA73F600E4AF22 /* Build configuration list for PBXNativeTarget "ProfileTest" */ = {
			isa = XCConfigurationList;
			buildConfigurations = (
				84B78B951EBA73F600E4AF22 /* Debug */,
				84B78B961EBA73F600E4AF22 /* Release */,
			);
			defaultConfigurationIsVisible = 0;
			defaultConfigurationName = Release;
		};
/* End XCConfigurationList section */

/* Begin XCVersionGroup section */
		84B78B891EBA73F600E4AF22 /* ProfileTest.xcdatamodeld */ = {
			isa = XCVersionGroup;
			children = (
				84B78B8A1EBA73F600E4AF22 /* ProfileTest.xcdatamodel */,
			);
			currentVersion = 84B78B8A1EBA73F600E4AF22 /* ProfileTest.xcdatamodel */;
			path = ProfileTest.xcdatamodeld;
			sourceTree = "<group>";
			versionGroupType = wrapper.xcdatamodel;
		};
/* End XCVersionGroup section */
	};
	rootObject = 84B78B771EBA73F600E4AF22 /* Project object */;
}
